{
  "originHash" : "f114a8f431c5d69d47eb486e72fc6f6f984646d73b35ea304297a25bc8f8d7fe",
  "pins" : [
    {
      "identity" : "bigint",
      "kind" : "remoteSourceControl",
      "location" : "https://github.com/attaswift/BigInt.git",
      "state" : {
        "revision" : "63feef7820abb1a8fb08587d7da56bb0b7db8751",
        "version" : "6.0.1"
      }
    },
    {
      "identity" : "ivorabc",
      "kind" : "remoteSourceControl",
      "location" : "https://github.com/eBardX/IvorABC.git",
      "state" : {
        "branch" : "v2-main",
        "revision" : "21e8c1977702382474386077d471bc5c743d3f1b"
      }
    },
    {
      "identity" : "ivorguido",
      "kind" : "remoteSourceControl",
      "location" : "https://github.com/eBardX/IvorGuido.git",
      "state" : {
        "branch" : "v2-main",
        "revision" : "339cd20377874883af76400987fa8f7504fbd9ac"
      }
    },
    {
      "identity" : "ivorjohnnysonic",
      "kind" : "remoteSourceControl",
      "location" : "https://github.com/eBardX/IvorJohnnySonic.git",
      "state" : {
        "branch" : "v3-main",
        "revision" : "6f2d7a2dfdd988c8cd3361713e536d22789dc592"
      }
    },
    {
      "identity" : "ivormidi",
      "kind" : "remoteSourceControl",
      "location" : "https://github.com/eBardX/IvorMIDI.git",
      "state" : {
        "branch" : "v2-main",
        "revision" : "9fa3b35cc011dc40864e11ac64600c812b2c3eb0"
      }
    },
    {
      "identity" : "ivormodel",
      "kind" : "remoteSourceControl",
      "location" : "https://github.com/eBardX/IvorModel.git",
      "state" : {
        "branch" : "develop",
        "revision" : "b39065d75c0ad48f7f32b59a48b984351c435480"
      }
    },
    {
      "identity" : "ivormusicxml",
      "kind" : "remoteSourceControl",
      "location" : "https://github.com/eBardX/IvorMusicXML.git",
      "state" : {
        "branch" : "v2-main",
        "revision" : "92d7684a6e396309961c315d9b7720351a41f22f"
      }
    },
    {
      "identity" : "ivortiming",
      "kind" : "remoteSourceControl",
      "location" : "https://github.com/eBardX/IvorTiming.git",
      "state" : {
        "branch" : "develop",
        "revision" : "f4b1672f6462f58e7b17cf76893ac4778374b3bf"
      }
    },
    {
      "identity" : "ivortuning",
      "kind" : "remoteSourceControl",
      "location" : "https://github.com/eBardX/IvorTuning.git",
      "state" : {
        "branch" : "develop",
        "revision" : "be524d192709441d60518a82fb8e495d0e53c118"
      }
    },
    {
      "identity" : "swift-numerics",
      "kind" : "remoteSourceControl",
      "location" : "https://github.com/apple/swift-numerics",
      "state" : {
        "revision" : "0c0290ff6b24942dadb83a929ffaaa1481df04a2",
        "version" : "1.1.1"
      }
    },
    {
      "identity" : "xestiarchive",
      "kind" : "remoteSourceControl",
      "location" : "https://github.com/eBardX/XestiArchive.git",
      "state" : {
        "revision" : "6358ab1b0c8f04b7b77b3fa8caf6eb96e779581c",
        "version" : "1.1.1"
      }
    },
    {
      "identity" : "xestimarkov",
      "kind" : "remoteSourceControl",
      "location" : "https://github.com/eBardX/XestiMarkov.git",
      "state" : {
        "revision" : "d27e36905aaa9a978f8433ca313dc946f511c86d",
        "version" : "3.0.2"
      }
    },
    {
      "identity" : "xestinumbers",
      "kind" : "remoteSourceControl",
      "location" : "https://github.com/eBardX/XestiNumbers.git",
      "state" : {
        "revision" : "1df695e1a3fcc8f553c273b6231032a12386eecb",
        "version" : "1.3.1"
      }
    },
    {
      "identity" : "xestisexp",
      "kind" : "remoteSourceControl",
      "location" : "https://github.com/eBardX/XestiSexp",
      "state" : {
        "revision" : "5b40da8ebb648dbde8c1419c38de16209698b05e",
        "version" : "5.0.5"
      }
    },
    {
      "identity" : "xestitext",
      "kind" : "remoteSourceControl",
      "location" : "https://github.com/eBardX/XestiText.git",
      "state" : {
        "revision" : "b29e91eb2e8f46f696baa6bea1ee5bcf6fe963f1",
        "version" : "4.0.5"
      }
    },
    {
      "identity" : "xestitokens",
      "kind" : "remoteSourceControl",
      "location" : "https://github.com/eBardX/XestiTokens.git",
      "state" : {
        "revision" : "adb957ab970638ddfff78f4a32057ca257f7ae8a",
        "version" : "2.0.1"
      }
    },
    {
      "identity" : "xestitools",
      "kind" : "remoteSourceControl",
      "location" : "https://github.com/eBardX/XestiTools.git",
      "state" : {
        "revision" : "35a4c43dde224aadcadad66dac7a35104537694d",
        "version" : "10.0.0"
      }
    },
    {
      "identity" : "xestixml",
      "kind" : "remoteSourceControl",
      "location" : "https://github.com/eBardX/XestiXML.git",
      "state" : {
        "revision" : "926bf94eefd0bb0499bb8c5ff08828b56711073b",
        "version" : "5.0.1"
      }
    },
    {
      "identity" : "zipfoundation",
      "kind" : "remoteSourceControl",
      "location" : "https://github.com/weichsel/ZIPFoundation.git",
      "state" : {
        "revision" : "22787ffb59de99e5dc1fbfe80b19c97a904ad48d",
        "version" : "0.9.20"
      }
    }
  ],
  "version" : 3
}
