{
  "originHash" : "3997eacc6d0eea1189e0b7ff628d890a76365a0bfbe029888033db772592e9ab",
  "pins" : [
    {
      "identity" : "bigint",
      "kind" : "remoteSourceControl",
      "location" : "https://github.com/attaswift/BigInt.git",
      "state" : {
        "revision" : "e07e00fa1fd435143a2dcf8b7eec9a7710b2fdfe",
        "version" : "5.7.0"
      }
    },
    {
      "identity" : "ivorabc",
      "kind" : "remoteSourceControl",
      "location" : "https://github.com/eBardX/IvorABC.git",
      "state" : {
        "branch" : "v2-main",
        "revision" : "26f93e8fd5e3ca4e51caec3a1991930679ae0b5a"
      }
    },
    {
      "identity" : "ivorguido",
      "kind" : "remoteSourceControl",
      "location" : "https://github.com/eBardX/IvorGuido.git",
      "state" : {
        "branch" : "v2-main",
        "revision" : "abe00a874502bc428ee9ceab5fdc2e52545b7d25"
      }
    },
    {
      "identity" : "ivorjohnnysonic",
      "kind" : "remoteSourceControl",
      "location" : "https://github.com/eBardX/IvorJohnnySonic.git",
      "state" : {
        "branch" : "v3-main",
        "revision" : "5226401184d50a80a1b58a6959476891dcb5e1b6"
      }
    },
    {
      "identity" : "ivormidi",
      "kind" : "remoteSourceControl",
      "location" : "https://github.com/eBardX/IvorMIDI.git",
      "state" : {
        "branch" : "v2-main",
        "revision" : "420802a6134d0b3ff3d7900476d0885f0ed7dad3"
      }
    },
    {
      "identity" : "ivormodel",
      "kind" : "remoteSourceControl",
      "location" : "https://github.com/eBardX/IvorModel.git",
      "state" : {
        "branch" : "develop",
        "revision" : "8139a57d84ac00c8cab29aab1f16fb68435a46b0"
      }
    },
    {
      "identity" : "ivormusicxml",
      "kind" : "remoteSourceControl",
      "location" : "https://github.com/eBardX/IvorMusicXML.git",
      "state" : {
        "branch" : "v2-main",
        "revision" : "8dc7e63d73d189c1c498d7287d83fab9c2f7fa78"
      }
    },
    {
      "identity" : "ivortiming",
      "kind" : "remoteSourceControl",
      "location" : "https://github.com/eBardX/IvorTiming.git",
      "state" : {
        "branch" : "develop",
        "revision" : "5d2d26e8023fc88ffa4a5616dc2da9327e170f92"
      }
    },
    {
      "identity" : "ivortuning",
      "kind" : "remoteSourceControl",
      "location" : "https://github.com/eBardX/IvorTuning.git",
      "state" : {
        "branch" : "develop",
        "revision" : "4b10326bacac6d1e5f7870e221ba2688bfe314b4"
      }
    },
    {
      "identity" : "swift-numerics",
      "kind" : "remoteSourceControl",
      "location" : "https://github.com/apple/swift-numerics",
      "state" : {
        "revision" : "0c0290ff6b24942dadb83a929ffaaa1481df04a2",
        "version" : "1.1.1"
      }
    },
    {
      "identity" : "xestiarchive",
      "kind" : "remoteSourceControl",
      "location" : "https://github.com/eBardX/XestiArchive.git",
      "state" : {
        "revision" : "77a427524083b50d1664b053ad5b7bc070356330",
        "version" : "1.1.0"
      }
    },
    {
      "identity" : "xestimarkov",
      "kind" : "remoteSourceControl",
      "location" : "https://github.com/eBardX/XestiMarkov.git",
      "state" : {
        "revision" : "4513d568a47e8afc4c4d264644d0363b9833d75e",
        "version" : "3.0.1"
      }
    },
    {
      "identity" : "xestinumbers",
      "kind" : "remoteSourceControl",
      "location" : "https://github.com/eBardX/XestiNumbers.git",
      "state" : {
        "revision" : "96eeaff8b89f5d9ff094d1a8555f3303918d8022",
        "version" : "1.1.2"
      }
    },
    {
      "identity" : "xestisexp",
      "kind" : "remoteSourceControl",
      "location" : "https://github.com/eBardX/XestiSexp",
      "state" : {
        "revision" : "c42d317d38206f2e34d7b3f5d313a31db9909ca3",
        "version" : "5.0.1"
      }
    },
    {
      "identity" : "xestitext",
      "kind" : "remoteSourceControl",
      "location" : "https://github.com/eBardX/XestiText.git",
      "state" : {
        "revision" : "b29e91eb2e8f46f696baa6bea1ee5bcf6fe963f1",
        "version" : "4.0.5"
      }
    },
    {
      "identity" : "xestitokens",
      "kind" : "remoteSourceControl",
      "location" : "https://github.com/eBardX/XestiTokens.git",
      "state" : {
        "revision" : "d6f12aeaa4547f416de3dfaae5e14f37e3e5b169",
        "version" : "2.0.0"
      }
    },
    {
      "identity" : "xestitools",
      "kind" : "remoteSourceControl",
      "location" : "https://github.com/eBardX/XestiTools.git",
      "state" : {
        "revision" : "05991497b8c7cb5ccfd4c9440c5b8548f6989ab3",
        "version" : "9.1.0"
      }
    },
    {
      "identity" : "xestixml",
      "kind" : "remoteSourceControl",
      "location" : "https://github.com/eBardX/XestiXML.git",
      "state" : {
        "revision" : "2e832e01237c622a95a89def0d2223de9ceff310",
        "version" : "5.0.0"
      }
    },
    {
      "identity" : "zipfoundation",
      "kind" : "remoteSourceControl",
      "location" : "https://github.com/weichsel/ZIPFoundation.git",
      "state" : {
        "revision" : "22787ffb59de99e5dc1fbfe80b19c97a904ad48d",
        "version" : "0.9.20"
      }
    }
  ],
  "version" : 3
}
