{
  "originHash" : "690a38ac3fe22b5cb7313f0c7cd18d6e2dae6d51995de8871a44a4efa3ae7421",
  "pins" : [
    {
      "identity" : "bigint",
      "kind" : "remoteSourceControl",
      "location" : "https://github.com/attaswift/BigInt.git",
      "state" : {
        "revision" : "63feef7820abb1a8fb08587d7da56bb0b7db8751",
        "version" : "6.0.1"
      }
    },
    {
      "identity" : "ivorabc",
      "kind" : "remoteSourceControl",
      "location" : "https://github.com/eBardX/IvorABC.git",
      "state" : {
        "revision" : "dca5802491341ce0f0ac513e38c3d6924483d0ad",
        "version" : "0.1.0"
      }
    },
    {
      "identity" : "ivordkm",
      "kind" : "remoteSourceControl",
      "location" : "https://github.com/eBardX/IvorDKM.git",
      "state" : {
        "revision" : "a001b5dedec1e3acb7bd5927b5620345dc1045aa",
        "version" : "0.1.0"
      }
    },
    {
      "identity" : "ivorgmn",
      "kind" : "remoteSourceControl",
      "location" : "https://github.com/eBardX/IvorGMN.git",
      "state" : {
        "revision" : "907d6a01c3f60c46aa7e857f62e82d4d05f2ae63",
        "version" : "0.1.0"
      }
    },
    {
      "identity" : "ivormidi",
      "kind" : "remoteSourceControl",
      "location" : "https://github.com/eBardX/IvorMIDI.git",
      "state" : {
        "revision" : "0d83c46356254a7853ad83b32e6f5b424740438f",
        "version" : "0.1.0"
      }
    },
    {
      "identity" : "ivormodel",
      "kind" : "remoteSourceControl",
      "location" : "https://github.com/eBardX/IvorModel.git",
      "state" : {
        "revision" : "83b6a626779f8557b663f11df7dff6c0a1b5620d",
        "version" : "0.23.0"
      }
    },
    {
      "identity" : "ivormxl",
      "kind" : "remoteSourceControl",
      "location" : "https://github.com/eBardX/IvorMXL.git",
      "state" : {
        "revision" : "f005826b9ff2370878cbf544b3d78cda484d990b",
        "version" : "0.1.0"
      }
    },
    {
      "identity" : "ivorsmf",
      "kind" : "remoteSourceControl",
      "location" : "https://github.com/eBardX/IvorSMF.git",
      "state" : {
        "revision" : "6cc719590e2d042984f548658a53de4088c4e3e4",
        "version" : "0.3.1"
      }
    },
    {
      "identity" : "ivorsmpte",
      "kind" : "remoteSourceControl",
      "location" : "https://github.com/eBardX/IvorSMPTE.git",
      "state" : {
        "revision" : "b1c4593b5917807c5cdc0a5eeeb19fac0655b5ac",
        "version" : "0.2.0"
      }
    },
    {
      "identity" : "ivortiming",
      "kind" : "remoteSourceControl",
      "location" : "https://github.com/eBardX/IvorTiming.git",
      "state" : {
        "revision" : "8932dd49f0db9b2ffa44d323f947c9542a0f7eab",
        "version" : "0.17.0"
      }
    },
    {
      "identity" : "ivortuning",
      "kind" : "remoteSourceControl",
      "location" : "https://github.com/eBardX/IvorTuning.git",
      "state" : {
        "revision" : "be524d192709441d60518a82fb8e495d0e53c118",
        "version" : "0.8.0"
      }
    },
    {
      "identity" : "swift-numerics",
      "kind" : "remoteSourceControl",
      "location" : "https://github.com/apple/swift-numerics",
      "state" : {
        "revision" : "0c0290ff6b24942dadb83a929ffaaa1481df04a2",
        "version" : "1.1.1"
      }
    },
    {
      "identity" : "xestiarchive",
      "kind" : "remoteSourceControl",
      "location" : "https://github.com/eBardX/XestiArchive.git",
      "state" : {
        "revision" : "6358ab1b0c8f04b7b77b3fa8caf6eb96e779581c",
        "version" : "1.1.1"
      }
    },
    {
      "identity" : "xestimarkov",
      "kind" : "remoteSourceControl",
      "location" : "https://github.com/eBardX/XestiMarkov.git",
      "state" : {
        "revision" : "d27e36905aaa9a978f8433ca313dc946f511c86d",
        "version" : "3.0.2"
      }
    },
    {
      "identity" : "xestinumbers",
      "kind" : "remoteSourceControl",
      "location" : "https://github.com/eBardX/XestiNumbers.git",
      "state" : {
        "revision" : "1df695e1a3fcc8f553c273b6231032a12386eecb",
        "version" : "1.3.1"
      }
    },
    {
      "identity" : "xestisexp",
      "kind" : "remoteSourceControl",
      "location" : "https://github.com/eBardX/XestiSexp",
      "state" : {
        "revision" : "5b40da8ebb648dbde8c1419c38de16209698b05e",
        "version" : "5.0.5"
      }
    },
    {
      "identity" : "xestitext",
      "kind" : "remoteSourceControl",
      "location" : "https://github.com/eBardX/XestiText.git",
      "state" : {
        "revision" : "b29e91eb2e8f46f696baa6bea1ee5bcf6fe963f1",
        "version" : "4.0.5"
      }
    },
    {
      "identity" : "xestitokens",
      "kind" : "remoteSourceControl",
      "location" : "https://github.com/eBardX/XestiTokens.git",
      "state" : {
        "revision" : "adb957ab970638ddfff78f4a32057ca257f7ae8a",
        "version" : "2.0.1"
      }
    },
    {
      "identity" : "xestitools",
      "kind" : "remoteSourceControl",
      "location" : "https://github.com/eBardX/XestiTools.git",
      "state" : {
        "revision" : "35a4c43dde224aadcadad66dac7a35104537694d",
        "version" : "10.0.0"
      }
    },
    {
      "identity" : "xestixml",
      "kind" : "remoteSourceControl",
      "location" : "https://github.com/eBardX/XestiXML.git",
      "state" : {
        "revision" : "926bf94eefd0bb0499bb8c5ff08828b56711073b",
        "version" : "5.0.1"
      }
    },
    {
      "identity" : "zipfoundation",
      "kind" : "remoteSourceControl",
      "location" : "https://github.com/weichsel/ZIPFoundation.git",
      "state" : {
        "revision" : "22787ffb59de99e5dc1fbfe80b19c97a904ad48d",
        "version" : "0.9.20"
      }
    }
  ],
  "version" : 3
}
